
Microsoft Visual Studio Solution File, Format Version 12.00
# Visual Studio Version 16
VisualStudioVersion = 16.0.29905.134
MinimumVisualStudioVersion = 10.0.40219.1
Project("{FAE04EC0-301F-11D3-BF4B-00C04F79EFBC}") = "SCIRE360.WEB.CUBOS", "SCIRE360.WEB.CUBOS\SCIRE360.WEB.CUBOS.csproj", "{2AC5A14D-4749-4BDE-9B90-F033A0D68728}"
EndProject
Project("{FAE04EC0-301F-11D3-BF4B-00C04F79EFBC}") = "Alvisoft.Helpers", "Alvisoft.Helpers\Alvisoft.Helpers.csproj", "{EF7C23BA-2887-4DCA-9D27-5E7389212C80}"
EndProject
Project("{FAE04EC0-301F-11D3-BF4B-00C04F79EFBC}") = "Data", "Data\Data.csproj", "{7603D4FF-9266-47BD-A891-58EA9529CC66}"
EndProject
Project("{FAE04EC0-301F-11D3-BF4B-00C04F79EFBC}") = "Entidad", "Entidad\Entidad.csproj", "{D9A00ADB-0367-44F8-AEA8-17F9B994B541}"
EndProject
Project("{FAE04EC0-301F-11D3-BF4B-00C04F79EFBC}") = "Negocio", "Negocio\Negocio.csproj", "{A5157F66-001B-4533-895B-5B699B7CF042}"
EndProject
Global
	GlobalSection(SolutionConfigurationPlatforms) = preSolution
		Debug|Any CPU = Debug|Any CPU
		Debug|x64 = Debug|x64
		Debug|x86 = Debug|x86
		Release|Any CPU = Release|Any CPU
		Release|x64 = Release|x64
		Release|x86 = Release|x86
	EndGlobalSection
	GlobalSection(ProjectConfigurationPlatforms) = postSolution
		{2AC5A14D-4749-4BDE-9B90-F033A0D68728}.Debug|Any CPU.ActiveCfg = Debug|Any CPU
		{2AC5A14D-4749-4BDE-9B90-F033A0D68728}.Debug|Any CPU.Build.0 = Debug|Any CPU
		{2AC5A14D-4749-4BDE-9B90-F033A0D68728}.Debug|x64.ActiveCfg = Debug|x64
		{2AC5A14D-4749-4BDE-9B90-F033A0D68728}.Debug|x64.Build.0 = Debug|x64
		{2AC5A14D-4749-4BDE-9B90-F033A0D68728}.Debug|x86.ActiveCfg = Debug|Any CPU
		{2AC5A14D-4749-4BDE-9B90-F033A0D68728}.Debug|x86.Build.0 = Debug|Any CPU
		{2AC5A14D-4749-4BDE-9B90-F033A0D68728}.Release|Any CPU.ActiveCfg = Release|Any CPU
		{2AC5A14D-4749-4BDE-9B90-F033A0D68728}.Release|Any CPU.Build.0 = Release|Any CPU
		{2AC5A14D-4749-4BDE-9B90-F033A0D68728}.Release|x64.ActiveCfg = Release|x64
		{2AC5A14D-4749-4BDE-9B90-F033A0D68728}.Release|x64.Build.0 = Release|x64
		{2AC5A14D-4749-4BDE-9B90-F033A0D68728}.Release|x86.ActiveCfg = Release|Any CPU
		{2AC5A14D-4749-4BDE-9B90-F033A0D68728}.Release|x86.Build.0 = Release|Any CPU
		{EF7C23BA-2887-4DCA-9D27-5E7389212C80}.Debug|Any CPU.ActiveCfg = Debug|Any CPU
		{EF7C23BA-2887-4DCA-9D27-5E7389212C80}.Debug|Any CPU.Build.0 = Debug|Any CPU
		{EF7C23BA-2887-4DCA-9D27-5E7389212C80}.Debug|x64.ActiveCfg = Debug|Any CPU
		{EF7C23BA-2887-4DCA-9D27-5E7389212C80}.Debug|x64.Build.0 = Debug|Any CPU
		{EF7C23BA-2887-4DCA-9D27-5E7389212C80}.Debug|x86.ActiveCfg = Debug|x86
		{EF7C23BA-2887-4DCA-9D27-5E7389212C80}.Debug|x86.Build.0 = Debug|x86
		{EF7C23BA-2887-4DCA-9D27-5E7389212C80}.Release|Any CPU.ActiveCfg = Release|Any CPU
		{EF7C23BA-2887-4DCA-9D27-5E7389212C80}.Release|Any CPU.Build.0 = Release|Any CPU
		{EF7C23BA-2887-4DCA-9D27-5E7389212C80}.Release|x64.ActiveCfg = Release|Any CPU
		{EF7C23BA-2887-4DCA-9D27-5E7389212C80}.Release|x64.Build.0 = Release|Any CPU
		{EF7C23BA-2887-4DCA-9D27-5E7389212C80}.Release|x86.ActiveCfg = Release|x86
		{EF7C23BA-2887-4DCA-9D27-5E7389212C80}.Release|x86.Build.0 = Release|x86
		{7603D4FF-9266-47BD-A891-58EA9529CC66}.Debug|Any CPU.ActiveCfg = Debug|Any CPU
		{7603D4FF-9266-47BD-A891-58EA9529CC66}.Debug|Any CPU.Build.0 = Debug|Any CPU
		{7603D4FF-9266-47BD-A891-58EA9529CC66}.Debug|x64.ActiveCfg = Debug|Any CPU
		{7603D4FF-9266-47BD-A891-58EA9529CC66}.Debug|x64.Build.0 = Debug|Any CPU
		{7603D4FF-9266-47BD-A891-58EA9529CC66}.Debug|x86.ActiveCfg = Debug|Any CPU
		{7603D4FF-9266-47BD-A891-58EA9529CC66}.Debug|x86.Build.0 = Debug|Any CPU
		{7603D4FF-9266-47BD-A891-58EA9529CC66}.Release|Any CPU.ActiveCfg = Release|Any CPU
		{7603D4FF-9266-47BD-A891-58EA9529CC66}.Release|Any CPU.Build.0 = Release|Any CPU
		{7603D4FF-9266-47BD-A891-58EA9529CC66}.Release|x64.ActiveCfg = Release|Any CPU
		{7603D4FF-9266-47BD-A891-58EA9529CC66}.Release|x64.Build.0 = Release|Any CPU
		{7603D4FF-9266-47BD-A891-58EA9529CC66}.Release|x86.ActiveCfg = Release|Any CPU
		{7603D4FF-9266-47BD-A891-58EA9529CC66}.Release|x86.Build.0 = Release|Any CPU
		{D9A00ADB-0367-44F8-AEA8-17F9B994B541}.Debug|Any CPU.ActiveCfg = Debug|Any CPU
		{D9A00ADB-0367-44F8-AEA8-17F9B994B541}.Debug|Any CPU.Build.0 = Debug|Any CPU
		{D9A00ADB-0367-44F8-AEA8-17F9B994B541}.Debug|x64.ActiveCfg = Debug|Any CPU
		{D9A00ADB-0367-44F8-AEA8-17F9B994B541}.Debug|x64.Build.0 = Debug|Any CPU
		{D9A00ADB-0367-44F8-AEA8-17F9B994B541}.Debug|x86.ActiveCfg = Debug|Any CPU
		{D9A00ADB-0367-44F8-AEA8-17F9B994B541}.Debug|x86.Build.0 = Debug|Any CPU
		{D9A00ADB-0367-44F8-AEA8-17F9B994B541}.Release|Any CPU.ActiveCfg = Release|Any CPU
		{D9A00ADB-0367-44F8-AEA8-17F9B994B541}.Release|Any CPU.Build.0 = Release|Any CPU
		{D9A00ADB-0367-44F8-AEA8-17F9B994B541}.Release|x64.ActiveCfg = Release|Any CPU
		{D9A00ADB-0367-44F8-AEA8-17F9B994B541}.Release|x64.Build.0 = Release|Any CPU
		{D9A00ADB-0367-44F8-AEA8-17F9B994B541}.Release|x86.ActiveCfg = Release|Any CPU
		{D9A00ADB-0367-44F8-AEA8-17F9B994B541}.Release|x86.Build.0 = Release|Any CPU
		{A5157F66-001B-4533-895B-5B699B7CF042}.Debug|Any CPU.ActiveCfg = Debug|Any CPU
		{A5157F66-001B-4533-895B-5B699B7CF042}.Debug|Any CPU.Build.0 = Debug|Any CPU
		{A5157F66-001B-4533-895B-5B699B7CF042}.Debug|x64.ActiveCfg = Debug|Any CPU
		{A5157F66-001B-4533-895B-5B699B7CF042}.Debug|x64.Build.0 = Debug|Any CPU
		{A5157F66-001B-4533-895B-5B699B7CF042}.Debug|x86.ActiveCfg = Debug|Any CPU
		{A5157F66-001B-4533-895B-5B699B7CF042}.Debug|x86.Build.0 = Debug|Any CPU
		{A5157F66-001B-4533-895B-5B699B7CF042}.Release|Any CPU.ActiveCfg = Release|Any CPU
		{A5157F66-001B-4533-895B-5B699B7CF042}.Release|Any CPU.Build.0 = Release|Any CPU
		{A5157F66-001B-4533-895B-5B699B7CF042}.Release|x64.ActiveCfg = Release|Any CPU
		{A5157F66-001B-4533-895B-5B699B7CF042}.Release|x64.Build.0 = Release|Any CPU
		{A5157F66-001B-4533-895B-5B699B7CF042}.Release|x86.ActiveCfg = Release|Any CPU
		{A5157F66-001B-4533-895B-5B699B7CF042}.Release|x86.Build.0 = Release|Any CPU
	EndGlobalSection
	GlobalSection(SolutionProperties) = preSolution
		HideSolutionNode = FALSE
	EndGlobalSection
	GlobalSection(ExtensibilityGlobals) = postSolution
		EnterpriseLibraryConfigurationToolBinariesPathV6 = packages\EnterpriseLibrary.Common.6.0.1304.0\lib\NET45;packages\EnterpriseLibrary.Data.6.0.1304.0\lib\NET45;packages\EnterpriseLibrary.ExceptionHandling.6.0.1304.0\lib\NET45;packages\EnterpriseLibrary.ExceptionHandling.WCF.6.0.1304.0\lib\NET45;packages\EnterpriseLibrary.Logging.6.0.1304.0\lib\NET45;packages\EnterpriseLibrary.PolicyInjection.6.0.1304.0\lib\NET45;packages\EnterpriseLibrary.Validation.6.0.1304.0\lib\NET45;packages\EnterpriseLibrary.Validation.Integration.WCF.6.0.1304.0\lib\NET45
		EnterpriseLibraryConfigurationToolBinariesPath = packages\Unity.2.1.505.0\lib\NET35;packages\Unity.Interception.2.1.505.0\lib\NET35;packages\EnterpriseLibrary.Common.5.0.505.0\lib\NET35;packages\EnterpriseLibrary.Caching.5.0.505.0\lib\NET35
		SolutionGuid = {E0E1D6AF-46EE-42A3-9A66-7DBC108595CF}
	EndGlobalSection
EndGlobal
